
Microsoft Visual Studio Solution File, Format Version 12.00
# Visual Studio Version 17
VisualStudioVersion = 17.5.002.0
MinimumVisualStudioVersion = 10.0.40219.1
Project("{9A19103F-16F7-4668-BE54-9A1E7A4F7556}") = "MenuApp", "MenuApp.csproj", "{4E9DEA98-4F01-4F3C-BEEA-9BD4B8F1114B}"
EndProject
Global
	GlobalSection(SolutionConfigurationPlatforms) = preSolution
		Debug|Any CPU = Debug|Any CPU
		Release|Any CPU = Release|Any CPU
	EndGlobalSection
	GlobalSection(ProjectConfigurationPlatforms) = postSolution
		{4E9DEA98-4F01-4F3C-BEEA-9BD4B8F1114B}.Debug|Any CPU.ActiveCfg = Debug|Any CPU
		{4E9DEA98-4F01-4F3C-BEEA-9BD4B8F1114B}.Debug|Any CPU.Build.0 = Debug|Any CPU
		{4E9DEA98-4F01-4F3C-BEEA-9BD4B8F1114B}.Release|Any CPU.ActiveCfg = Release|Any CPU
		{4E9DEA98-4F01-4F3C-BEEA-9BD4B8F1114B}.Release|Any CPU.Build.0 = Release|Any CPU
	EndGlobalSection
	GlobalSection(SolutionProperties) = preSolution
		HideSolutionNode = FALSE
	EndGlobalSection
	GlobalSection(ExtensibilityGlobals) = postSolution
		SolutionGuid = {453E5890-5073-4374-9EFB-41FF9C68DF2B}
	EndGlobalSection
EndGlobal
